// !$*UTF8*$!
{
	archiveVersion = 1;
	classes = {
	};
	objectVersion = 46;
	objects = {

/* Begin PBXBuildFile section */
		CCF568081D10543500177C8A /* AppDelegate.swift in Sources */ = {isa = PBXBuildFile; fileRef = CCF568071D10543500177C8A /* AppDelegate.swift */; };
		CCF5680A1D10543500177C8A /* ViewController.swift in Sources */ = {isa = PBXBuildFile; fileRef = CCF568091D10543500177C8A /* ViewController.swift */; };
		CCF5680D1D10543500177C8A /* Main.storyboard in Resources */ = {isa = PBXBuildFile; fileRef = CCF5680B1D10543500177C8A /* Main.storyboard */; };
		CCF5680F1D10543500177C8A /* Assets.xcassets in Resources */ = {isa = PBXBuildFile; fileRef = CCF5680E1D10543500177C8A /* Assets.xcassets */; };
		CCF568121D10543500177C8A /* LaunchScreen.storyboard in Resources */ = {isa = PBXBuildFile; fileRef = CCF568101D10543500177C8A /* LaunchScreen.storyboard */; };
		CCF5681A1D10547B00177C8A /* Restaurant .swift in Sources */ = {isa = PBXBuildFile; fileRef = CCF568191D10547B00177C8A /* Restaurant .swift */; };
		CCF5681C1D1055A400177C8A /* Review.swift in Sources */ = {isa = PBXBuildFile; fileRef = CCF5681B1D1055A400177C8A /* Review.swift */; };
/* End PBXBuildFile section */

/* Begin PBXFileReference section */
		CCF568041D10543500177C8A /* Hashtag Search.app */ = {isa = PBXFileReference; explicitFileType = wrapper.application; includeInIndex = 0; path = "Hashtag Search.app"; sourceTree = BUILT_PRODUCTS_DIR; };
		CCF568071D10543500177C8A /* AppDelegate.swift */ = {isa = PBXFileReference; lastKnownFileType = sourcecode.swift; path = AppDelegate.swift; sourceTree = "<group>"; };
		CCF568091D10543500177C8A /* ViewController.swift */ = {isa = PBXFileReference; lastKnownFileType = sourcecode.swift; path = ViewController.swift; sourceTree = "<group>"; };
		CCF5680C1D10543500177C8A /* Base */ = {isa = PBXFileReference; lastKnownFileType = file.storyboard; name = Base; path = Base.lproj/Main.storyboard; sourceTree = "<group>"; };
		CCF5680E1D10543500177C8A /* Assets.xcassets */ = {isa = PBXFileReference; lastKnownFileType = folder.assetcatalog; path = Assets.xcassets; sourceTree = "<group>"; };
		CCF568111D10543500177C8A /* Base */ = {isa = PBXFileReference; lastKnownFileType = file.storyboard; name = Base; path = Base.lproj/LaunchScreen.storyboard; sourceTree = "<group>"; };
		CCF568131D10543500177C8A /* Info.plist */ = {isa = PBXFileReference; lastKnownFileType = text.plist.xml; path = Info.plist; sourceTree = "<group>"; };
		CCF568191D10547B00177C8A /* Restaurant .swift */ = {isa = PBXFileReference; fileEncoding = 4; lastKnownFileType = sourcecode.swift; path = "Restaurant .swift"; sourceTree = "<group>"; };
		CCF5681B1D1055A400177C8A /* Review.swift */ = {isa = PBXFileReference; fileEncoding = 4; lastKnownFileType = sourcecode.swift; path = Review.swift; sourceTree = "<group>"; };
/* End PBXFileReference section */

/* Begin PBXFrameworksBuildPhase section */
		CCF568011D10543500177C8A /* Frameworks */ = {
			isa = PBXFrameworksBuildPhase;
			buildActionMask = 2147483647;
			files = (
			);
			runOnlyForDeploymentPostprocessing = 0;
		};
/* End PBXFrameworksBuildPhase section */

/* Begin PBXGroup section */
		CCF567FB1D10543500177C8A = {
			isa = PBXGroup;
			children = (
				CCF568061D10543500177C8A /* Hashtag Search */,
				CCF568051D10543500177C8A /* Products */,
			);
			sourceTree = "<group>";
		};
		CCF568051D10543500177C8A /* Products */ = {
			isa = PBXGroup;
			children = (
				CCF568041D10543500177C8A /* Hashtag Search.app */,
			);
			name = Products;
			sourceTree = "<group>";
		};
		CCF568061D10543500177C8A /* Hashtag Search */ = {
			isa = PBXGroup;
			children = (
				CCF568071D10543500177C8A /* AppDelegate.swift */,
				CCF568191D10547B00177C8A /* Restaurant .swift */,
				CCF5681B1D1055A400177C8A /* Review.swift */,
				CCF568091D10543500177C8A /* ViewController.swift */,
				CCF5680B1D10543500177C8A /* Main.storyboard */,
				CCF5680E1D10543500177C8A /* Assets.xcassets */,
				CCF568101D10543500177C8A /* LaunchScreen.storyboard */,
				CCF568131D10543500177C8A /* Info.plist */,
			);
			path = "Hashtag Search";
			sourceTree = "<group>";
		};
/* End PBXGroup section */

/* Begin PBXNativeTarget section */
		CCF568031D10543500177C8A /* Hashtag Search */ = {
			isa = PBXNativeTarget;
			buildConfigurationList = CCF568161D10543500177C8A /* Build configuration list for PBXNativeTarget "Hashtag Search" */;
			buildPhases = (
				CCF568001D10543500177C8A /* Sources */,
				CCF568011D10543500177C8A /* Frameworks */,
				CCF568021D10543500177C8A /* Resources */,
			);
			buildRules = (
			);
			dependencies = (
			);
			name = "Hashtag Search";
			productName = "Hashtag Search";
			productReference = CCF568041D10543500177C8A /* Hashtag Search.app */;
			productType = "com.apple.product-type.application";
		};
/* End PBXNativeTarget section */

/* Begin PBXProject section */
		CCF567FC1D10543500177C8A /* Project object */ = {
			isa = PBXProject;
			attributes = {
				LastSwiftUpdateCheck = 0730;
				LastUpgradeCheck = 0730;
				ORGANIZATIONNAME = "Eva Bresciano";
				TargetAttributes = {
					CCF568031D10543500177C8A = {
						CreatedOnToolsVersion = 7.3;
						DevelopmentTeam = WP96JMRW5V;
					};
				};
			};
			buildConfigurationList = CCF567FF1D10543500177C8A /* Build configuration list for PBXProject "Hashtag Search" */;
			compatibilityVersion = "Xcode 3.2";
			developmentRegion = English;
			hasScannedForEncodings = 0;
			knownRegions = (
				en,
				Base,
			);
			mainGroup = CCF567FB1D10543500177C8A;
			productRefGroup = CCF568051D10543500177C8A /* Products */;
			projectDirPath = "";
			projectRoot = "";
			targets = (
				CCF568031D10543500177C8A /* Hashtag Search */,
			);
		};
/* End PBXProject section */

/* Begin PBXResourcesBuildPhase section */
		CCF568021D10543500177C8A /* Resources */ = {
			isa = PBXResourcesBuildPhase;
			buildActionMask = 2147483647;
			files = (
				CCF568121D10543500177C8A /* LaunchScreen.storyboard in Resources */,
				CCF5680F1D10543500177C8A /* Assets.xcassets in Resources */,
				CCF5680D1D10543500177C8A /* Main.storyboard in Resources */,
			);
			runOnlyForDeploymentPostprocessing = 0;
		};
/* End PBXResourcesBuildPhase section */

/* Begin PBXSourcesBuildPhase section */
		CCF568001D10543500177C8A /* Sources */ = {
			isa = PBXSourcesBuildPhase;
			buildActionMask = 2147483647;
			files = (
				CCF5680A1D10543500177C8A /* ViewController.swift in Sources */,
				CCF5681C1D1055A400177C8A /* Review.swift in Sources */,
				CCF5681A1D10547B00177C8A /* Restaurant .swift in Sources */,
				CCF568081D10543500177C8A /* AppDelegate.swift in Sources */,
			);
			runOnlyForDeploymentPostprocessing = 0;
		};
/* End PBXSourcesBuildPhase section */

/* Begin PBXVariantGroup section */
		CCF5680B1D10543500177C8A /* Main.storyboard */ = {
			isa = PBXVariantGroup;
			children = (
				CCF5680C1D10543500177C8A /* Base */,
			);
			name = Main.storyboard;
			sourceTree = "<group>";
		};
		CCF568101D10543500177C8A /* LaunchScreen.storyboard */ = {
			isa = PBXVariantGroup;
			children = (
				CCF568111D10543500177C8A /* Base */,
			);
			name = LaunchScreen.storyboard;
			sourceTree = "<group>";
		};
/* End PBXVariantGroup section */

/* Begin XCBuildConfiguration section */
		CCF568141D10543500177C8A /* Debug */ = {
			isa = XCBuildConfiguration;
			buildSettings = {
				ALWAYS_SEARCH_USER_PATHS = NO;
				CLANG_ANALYZER_NONNULL = YES;
				CLANG_CXX_LANGUAGE_STANDARD = "gnu++0x";
				CLANG_CXX_LIBRARY = "libc++";
				CLANG_ENABLE_MODULES = YES;
				CLANG_ENABLE_OBJC_ARC = YES;
				CLANG_WARN_BOOL_CONVERSION = YES;
				CLANG_WARN_CONSTANT_CONVERSION = YES;
				CLANG_WARN_DIRECT_OBJC_ISA_USAGE = YES_ERROR;
				CLANG_WARN_EMPTY_BODY = YES;
				CLANG_WARN_ENUM_CONVERSION = YES;
				CLANG_WARN_INT_CONVERSION = YES;
				CLANG_WARN_OBJC_ROOT_CLASS = YES_ERROR;
				CLANG_WARN_UNREACHABLE_CODE = YES;
				CLANG_WARN__DUPLICATE_METHOD_MATCH = YES;
				"CODE_SIGN_IDENTITY[sdk=iphoneos*]" = "iPhone Developer";
				COPY_PHASE_STRIP = NO;
				DEBUG_INFORMATION_FORMAT = dwarf;
				ENABLE_STRICT_OBJC_MSGSEND = YES;
				ENABLE_TESTABILITY = YES;
				GCC_C_LANGUAGE_STANDARD = gnu99;
				GCC_DYNAMIC_NO_PIC = NO;
				GCC_NO_COMMON_BLOCKS = YES;
				GCC_OPTIMIZATION_LEVEL = 0;
				GCC_PREPROCESSOR_DEFINITIONS = (
					"DEBUG=1",
					"$(inherited)",
				);
				GCC_WARN_64_TO_32_BIT_CONVERSION = YES;
				GCC_WARN_ABOUT_RETURN_TYPE = YES_ERROR;
				GCC_WARN_UNDECLARED_SELECTOR = YES;
				GCC_WARN_UNINITIALIZED_AUTOS = YES_AGGRESSIVE;
				GCC_WARN_UNUSED_FUNCTION = YES;
				GCC_WARN_UNUSED_VARIABLE = YES;
				IPHONEOS_DEPLOYMENT_TARGET = 9.3;
				MTL_ENABLE_DEBUG_INFO = YES;
				ONLY_ACTIVE_ARCH = YES;
				SDKROOT = iphoneos;
				SWIFT_OPTIMIZATION_LEVEL = "-Onone";
				TARGETED_DEVICE_FAMILY = "1,2";
			};
			name = Debug;
		};
		CCF568151D10543500177C8A /* Release */ = {
			isa = XCBuildConfiguration;
			buildSettings = {
				ALWAYS_SEARCH_USER_PATHS = NO;
				CLANG_ANALYZER_NONNULL = YES;
				CLANG_CXX_LANGUAGE_STANDARD = "gnu++0x";
				CLANG_CXX_LIBRARY = "libc++";
				CLANG_ENABLE_MODULES = YES;
				CLANG_ENABLE_OBJC_ARC = YES;
				CLANG_WARN_BOOL_CONVERSION = YES;
				CLANG_WARN_CONSTANT_CONVERSION = YES;
				CLANG_WARN_DIRECT_OBJC_ISA_USAGE = YES_ERROR;
				CLANG_WARN_EMPTY_BODY = YES;
				CLANG_WARN_ENUM_CONVERSION = YES;
				CLANG_WARN_INT_CONVERSION = YES;
				CLANG_WARN_OBJC_ROOT_CLASS = YES_ERROR;
				CLANG_WARN_UNREACHABLE_CODE = YES;
				CLANG_WARN__DUPLICATE_METHOD_MATCH = YES;
				"CODE_SIGN_IDENTITY[sdk=iphoneos*]" = "iPhone Developer";
				COPY_PHASE_STRIP = NO;
				DEBUG_INFORMATION_FORMAT = "dwarf-with-dsym";
				ENABLE_NS_ASSERTIONS = NO;
				ENABLE_STRICT_OBJC_MSGSEND = YES;
				GCC_C_LANGUAGE_STANDARD = gnu99;
				GCC_NO_COMMON_BLOCKS = YES;
				GCC_WARN_64_TO_32_BIT_CONVERSION = YES;
				GCC_WARN_ABOUT_RETURN_TYPE = YES_ERROR;
				GCC_WARN_UNDECLARED_SELECTOR = YES;
				GCC_WARN_UNINITIALIZED_AUTOS = YES_AGGRESSIVE;
				GCC_WARN_UNUSED_FUNCTION = YES;
				GCC_WARN_UNUSED_VARIABLE = YES;
				IPHONEOS_DEPLOYMENT_TARGET = 9.3;
				MTL_ENABLE_DEBUG_INFO = NO;
				SDKROOT = iphoneos;
				TARGETED_DEVICE_FAMILY = "1,2";
				VALIDATE_PRODUCT = YES;
			};
			name = Release;
		};
		CCF568171D10543500177C8A /* Debug */ = {
			isa = XCBuildConfiguration;
			buildSettings = {
				ASSETCATALOG_COMPILER_APPICON_NAME = AppIcon;
				INFOPLIST_FILE = "Hashtag Search/Info.plist";
				LD_RUNPATH_SEARCH_PATHS = "$(inherited) @executable_path/Frameworks";
				PRODUCT_BUNDLE_IDENTIFIER = "com.example..Hashtag-Search";
				PRODUCT_NAME = "$(TARGET_NAME)";
			};
			name = Debug;
		};
		CCF568181D10543500177C8A /* Release */ = {
			isa = XCBuildConfiguration;
			buildSettings = {
				ASSETCATALOG_COMPILER_APPICON_NAME = AppIcon;
				INFOPLIST_FILE = "Hashtag Search/Info.plist";
				LD_RUNPATH_SEARCH_PATHS = "$(inherited) @executable_path/Frameworks";
				PRODUCT_BUNDLE_IDENTIFIER = "com.example..Hashtag-Search";
				PRODUCT_NAME = "$(TARGET_NAME)";
			};
			name = Release;
		};
/* End XCBuildConfiguration section */

/* Begin XCConfigurationList section */
		CCF567FF1D10543500177C8A /* Build configuration list for PBXProject "Hashtag Search" */ = {
			isa = XCConfigurationList;
			buildConfigurations = (
				CCF568141D10543500177C8A /* Debug */,
				CCF568151D10543500177C8A /* Release */,
			);
			defaultConfigurationIsVisible = 0;
			defaultConfigurationName = Release;
		};
		CCF568161D10543500177C8A /* Build configuration list for PBXNativeTarget "Hashtag Search" */ = {
			isa = XCConfigurationList;
			buildConfigurations = (
				CCF568171D10543500177C8A /* Debug */,
				CCF568181D10543500177C8A /* Release */,
			);
			defaultConfigurationIsVisible = 0;
		};
/* End XCConfigurationList section */
	};
	rootObject = CCF567FC1D10543500177C8A /* Project object */;
}
